// !$*UTF8*$!
{
	archiveVersion = 1;
	classes = {
	};
	objectVersion = 56;
	objects = {

/* Begin PBXBuildFile section */
		839F71B22BC6211E006463D6 /* ItemView.swift in Sources */ = {isa = PBXBuildFile; fileRef = 839F71B12BC6211E006463D6 /* ItemView.swift */; };
		83D147532BC46EA700E67CA6 /* Todo_ListApp.swift in Sources */ = {isa = PBXBuildFile; fileRef = 83D147522BC46EA700E67CA6 /* Todo_ListApp.swift */; };
		83D147552BC46EA700E67CA6 /* LandingView.swift in Sources */ = {isa = PBXBuildFile; fileRef = 83D147542BC46EA700E67CA6 /* LandingView.swift */; };
		83D147572BC46EA900E67CA6 /* Assets.xcassets in Resources */ = {isa = PBXBuildFile; fileRef = 83D147562BC46EA900E67CA6 /* Assets.xcassets */; };
		83D1475A2BC46EA900E67CA6 /* Preview Assets.xcassets in Resources */ = {isa = PBXBuildFile; fileRef = 83D147592BC46EA900E67CA6 /* Preview Assets.xcassets */; };
		83D147642BC46EAA00E67CA6 /* Todo_ListTests.swift in Sources */ = {isa = PBXBuildFile; fileRef = 83D147632BC46EAA00E67CA6 /* Todo_ListTests.swift */; };
		83D1476E2BC46EAA00E67CA6 /* Todo_ListUITests.swift in Sources */ = {isa = PBXBuildFile; fileRef = 83D1476D2BC46EAA00E67CA6 /* Todo_ListUITests.swift */; };
		83D147702BC46EAA00E67CA6 /* Todo_ListUITestsLaunchTests.swift in Sources */ = {isa = PBXBuildFile; fileRef = 83D1476F2BC46EAA00E67CA6 /* Todo_ListUITestsLaunchTests.swift */; };
/* End PBXBuildFile section */

/* Begin PBXContainerItemProxy section */
		83D147602BC46EAA00E67CA6 /* PBXContainerItemProxy */ = {
			isa = PBXContainerItemProxy;
			containerPortal = 83D147472BC46EA700E67CA6 /* Project object */;
			proxyType = 1;
			remoteGlobalIDString = 83D1474E2BC46EA700E67CA6;
			remoteInfo = "Todo List";
		};
		83D1476A2BC46EAA00E67CA6 /* PBXContainerItemProxy */ = {
			isa = PBXContainerItemProxy;
			containerPortal = 83D147472BC46EA700E67CA6 /* Project object */;
			proxyType = 1;
			remoteGlobalIDString = 83D1474E2BC46EA700E67CA6;
			remoteInfo = "Todo List";
		};
/* End PBXContainerItemProxy section */

/* Begin PBXFileReference section */
		839F71B12BC6211E006463D6 /* ItemView.swift */ = {isa = PBXFileReference; lastKnownFileType = sourcecode.swift; path = ItemView.swift; sourceTree = "<group>"; };
		83D1474F2BC46EA700E67CA6 /* Todo List.app */ = {isa = PBXFileReference; explicitFileType = wrapper.application; includeInIndex = 0; path = "Todo List.app"; sourceTree = BUILT_PRODUCTS_DIR; };
		83D147522BC46EA700E67CA6 /* Todo_ListApp.swift */ = {isa = PBXFileReference; lastKnownFileType = sourcecode.swift; path = Todo_ListApp.swift; sourceTree = "<group>"; };
		83D147542BC46EA700E67CA6 /* LandingView.swift */ = {isa = PBXFileReference; lastKnownFileType = sourcecode.swift; path = LandingView.swift; sourceTree = "<group>"; };
		83D147562BC46EA900E67CA6 /* Assets.xcassets */ = {isa = PBXFileReference; lastKnownFileType = folder.assetcatalog; path = Assets.xcassets; sourceTree = "<group>"; };
		83D147592BC46EA900E67CA6 /* Preview Assets.xcassets */ = {isa = PBXFileReference; lastKnownFileType = folder.assetcatalog; path = "Preview Assets.xcassets"; sourceTree = "<group>"; };
		83D1475F2BC46EAA00E67CA6 /* Todo ListTests.xctest */ = {isa = PBXFileReference; explicitFileType = wrapper.cfbundle; includeInIndex = 0; path = "Todo ListTests.xctest"; sourceTree = BUILT_PRODUCTS_DIR; };
		83D147632BC46EAA00E67CA6 /* Todo_ListTests.swift */ = {isa = PBXFileReference; lastKnownFileType = sourcecode.swift; path = Todo_ListTests.swift; sourceTree = "<group>"; };
		83D147692BC46EAA00E67CA6 /* Todo ListUITests.xctest */ = {isa = PBXFileReference; explicitFileType = wrapper.cfbundle; includeInIndex = 0; path = "Todo ListUITests.xctest"; sourceTree = BUILT_PRODUCTS_DIR; };
		83D1476D2BC46EAA00E67CA6 /* Todo_ListUITests.swift */ = {isa = PBXFileReference; lastKnownFileType = sourcecode.swift; path = Todo_ListUITests.swift; sourceTree = "<group>"; };
		83D1476F2BC46EAA00E67CA6 /* Todo_ListUITestsLaunchTests.swift */ = {isa = PBXFileReference; lastKnownFileType = sourcecode.swift; path = Todo_ListUITestsLaunchTests.swift; sourceTree = "<group>"; };
/* End PBXFileReference section */

/* Begin PBXFrameworksBuildPhase section */
		83D1474C2BC46EA700E67CA6 /* Frameworks */ = {
			isa = PBXFrameworksBuildPhase;
			buildActionMask = 2147483647;
			files = (
			);
			runOnlyForDeploymentPostprocessing = 0;
		};
		83D1475C2BC46EAA00E67CA6 /* Frameworks */ = {
			isa = PBXFrameworksBuildPhase;
			buildActionMask = 2147483647;
			files = (
			);
			runOnlyForDeploymentPostprocessing = 0;
		};
		83D147662BC46EAA00E67CA6 /* Frameworks */ = {
			isa = PBXFrameworksBuildPhase;
			buildActionMask = 2147483647;
			files = (
			);
			runOnlyForDeploymentPostprocessing = 0;
		};
/* End PBXFrameworksBuildPhase section */

/* Begin PBXGroup section */
		83D147462BC46EA700E67CA6 = {
			isa = PBXGroup;
			children = (
				83D147512BC46EA700E67CA6 /* Todo List */,
				83D147622BC46EAA00E67CA6 /* Todo ListTests */,
				83D1476C2BC46EAA00E67CA6 /* Todo ListUITests */,
				83D147502BC46EA700E67CA6 /* Products */,
			);
			sourceTree = "<group>";
		};
		83D147502BC46EA700E67CA6 /* Products */ = {
			isa = PBXGroup;
			children = (
				83D1474F2BC46EA700E67CA6 /* Todo List.app */,
				83D1475F2BC46EAA00E67CA6 /* Todo ListTests.xctest */,
				83D147692BC46EAA00E67CA6 /* Todo ListUITests.xctest */,
			);
			name = Products;
			sourceTree = "<group>";
		};
		83D147512BC46EA700E67CA6 /* Todo List */ = {
			isa = PBXGroup;
			children = (
				83D147522BC46EA700E67CA6 /* Todo_ListApp.swift */,
				83D1477F2BC4735000E67CA6 /* Helpers */,
				83D1477E2BC4730800E67CA6 /* Model */,
				83D1477C2BC472B700E67CA6 /* Views */,
				83D147562BC46EA900E67CA6 /* Assets.xcassets */,
				83D147582BC46EA900E67CA6 /* Preview Content */,
			);
			path = "Todo List";
			sourceTree = "<group>";
		};
		83D147582BC46EA900E67CA6 /* Preview Content */ = {
			isa = PBXGroup;
			children = (
				83D147592BC46EA900E67CA6 /* Preview Assets.xcassets */,
			);
			path = "Preview Content";
			sourceTree = "<group>";
		};
		83D147622BC46EAA00E67CA6 /* Todo ListTests */ = {
			isa = PBXGroup;
			children = (
				83D147632BC46EAA00E67CA6 /* Todo_ListTests.swift */,
			);
			path = "Todo ListTests";
			sourceTree = "<group>";
		};
		83D1476C2BC46EAA00E67CA6 /* Todo ListUITests */ = {
			isa = PBXGroup;
			children = (
				83D1476D2BC46EAA00E67CA6 /* Todo_ListUITests.swift */,
				83D1476F2BC46EAA00E67CA6 /* Todo_ListUITestsLaunchTests.swift */,
			);
			path = "Todo ListUITests";
			sourceTree = "<group>";
		};
		83D1477C2BC472B700E67CA6 /* Views */ = {
			isa = PBXGroup;
			children = (
				83D147542BC46EA700E67CA6 /* LandingView.swift */,
				839F71B12BC6211E006463D6 /* ItemView.swift */,
			);
			path = Views;
			sourceTree = "<group>";
		};
		83D1477E2BC4730800E67CA6 /* Model */ = {
			isa = PBXGroup;
			children = (
			);
			path = Model;
			sourceTree = "<group>";
		};
		83D1477F2BC4735000E67CA6 /* Helpers */ = {
			isa = PBXGroup;
			children = (
			);
			path = Helpers;
			sourceTree = "<group>";
		};
/* End PBXGroup section */

/* Begin PBXNativeTarget section */
		83D1474E2BC46EA700E67CA6 /* Todo List */ = {
			isa = PBXNativeTarget;
			buildConfigurationList = 83D147732BC46EAA00E67CA6 /* Build configuration list for PBXNativeTarget "Todo List" */;
			buildPhases = (
				83D1474B2BC46EA700E67CA6 /* Sources */,
				83D1474C2BC46EA700E67CA6 /* Frameworks */,
				83D1474D2BC46EA700E67CA6 /* Resources */,
			);
			buildRules = (
			);
			dependencies = (
			);
			name = "Todo List";
			productName = "Todo List";
			productReference = 83D1474F2BC46EA700E67CA6 /* Todo List.app */;
			productType = "com.apple.product-type.application";
		};
		83D1475E2BC46EAA00E67CA6 /* Todo ListTests */ = {
			isa = PBXNativeTarget;
			buildConfigurationList = 83D147762BC46EAA00E67CA6 /* Build configuration list for PBXNativeTarget "Todo ListTests" */;
			buildPhases = (
				83D1475B2BC46EAA00E67CA6 /* Sources */,
				83D1475C2BC46EAA00E67CA6 /* Frameworks */,
				83D1475D2BC46EAA00E67CA6 /* Resources */,
			);
			buildRules = (
			);
			dependencies = (
				83D147612BC46EAA00E67CA6 /* PBXTargetDependency */,
			);
			name = "Todo ListTests";
			productName = "Todo ListTests";
			productReference = 83D1475F2BC46EAA00E67CA6 /* Todo ListTests.xctest */;
			productType = "com.apple.product-type.bundle.unit-test";
		};
		83D147682BC46EAA00E67CA6 /* Todo ListUITests */ = {
			isa = PBXNativeTarget;
			buildConfigurationList = 83D147792BC46EAA00E67CA6 /* Build configuration list for PBXNativeTarget "Todo ListUITests" */;
			buildPhases = (
				83D147652BC46EAA00E67CA6 /* Sources */,
				83D147662BC46EAA00E67CA6 /* Frameworks */,
				83D147672BC46EAA00E67CA6 /* Resources */,
			);
			buildRules = (
			);
			dependencies = (
				83D1476B2BC46EAA00E67CA6 /* PBXTargetDependency */,
			);
			name = "Todo ListUITests";
			productName = "Todo ListUITests";
			productReference = 83D147692BC46EAA00E67CA6 /* Todo ListUITests.xctest */;
			productType = "com.apple.product-type.bundle.ui-testing";
		};
/* End PBXNativeTarget section */

/* Begin PBXProject section */
		83D147472BC46EA700E67CA6 /* Project object */ = {
			isa = PBXProject;
			attributes = {
				BuildIndependentTargetsInParallel = 1;
				LastSwiftUpdateCheck = 1530;
				LastUpgradeCheck = 1530;
				TargetAttributes = {
					83D1474E2BC46EA700E67CA6 = {
						CreatedOnToolsVersion = 15.3;
					};
					83D1475E2BC46EAA00E67CA6 = {
						CreatedOnToolsVersion = 15.3;
						TestTargetID = 83D1474E2BC46EA700E67CA6;
					};
					83D147682BC46EAA00E67CA6 = {
						CreatedOnToolsVersion = 15.3;
						TestTargetID = 83D1474E2BC46EA700E67CA6;
					};
				};
			};
			buildConfigurationList = 83D1474A2BC46EA700E67CA6 /* Build configuration list for PBXProject "Todo List" */;
			compatibilityVersion = "Xcode 14.0";
			developmentRegion = en;
			hasScannedForEncodings = 0;
			knownRegions = (
				en,
				Base,
			);
			mainGroup = 83D147462BC46EA700E67CA6;
			productRefGroup = 83D147502BC46EA700E67CA6 /* Products */;
			projectDirPath = "";
			projectRoot = "";
			targets = (
				83D1474E2BC46EA700E67CA6 /* Todo List */,
				83D1475E2BC46EAA00E67CA6 /* Todo ListTests */,
				83D147682BC46EAA00E67CA6 /* Todo ListUITests */,
			);
		};
/* End PBXProject section */

/* Begin PBXResourcesBuildPhase section */
		83D1474D2BC46EA700E67CA6 /* Resources */ = {
			isa = PBXResourcesBuildPhase;
			buildActionMask = 2147483647;
			files = (
				83D1475A2BC46EA900E67CA6 /* Preview Assets.xcassets in Resources */,
				83D147572BC46EA900E67CA6 /* Assets.xcassets in Resources */,
			);
			runOnlyForDeploymentPostprocessing = 0;
		};
		83D1475D2BC46EAA00E67CA6 /* Resources */ = {
			isa = PBXResourcesBuildPhase;
			buildActionMask = 2147483647;
			files = (
			);
			runOnlyForDeploymentPostprocessing = 0;
		};
		83D147672BC46EAA00E67CA6 /* Resources */ = {
			isa = PBXResourcesBuildPhase;
			buildActionMask = 2147483647;
			files = (
			);
			runOnlyForDeploymentPostprocessing = 0;
		};
/* End PBXResourcesBuildPhase section */

/* Begin PBXSourcesBuildPhase section */
		83D1474B2BC46EA700E67CA6 /* Sources */ = {
			isa = PBXSourcesBuildPhase;
			buildActionMask = 2147483647;
			files = (
				83D147552BC46EA700E67CA6 /* LandingView.swift in Sources */,
				839F71B22BC6211E006463D6 /* ItemView.swift in Sources */,
				83D147532BC46EA700E67CA6 /* Todo_ListApp.swift in Sources */,
			);
			runOnlyForDeploymentPostprocessing = 0;
		};
		83D1475B2BC46EAA00E67CA6 /* Sources */ = {
			isa = PBXSourcesBuildPhase;
			buildActionMask = 2147483647;
			files = (
				83D147642BC46EAA00E67CA6 /* Todo_ListTests.swift in Sources */,
			);
			runOnlyForDeploymentPostprocessing = 0;
		};
		83D147652BC46EAA00E67CA6 /* Sources */ = {
			isa = PBXSourcesBuildPhase;
			buildActionMask = 2147483647;
			files = (
				83D147702BC46EAA00E67CA6 /* Todo_ListUITestsLaunchTests.swift in Sources */,
				83D1476E2BC46EAA00E67CA6 /* Todo_ListUITests.swift in Sources */,
			);
			runOnlyForDeploymentPostprocessing = 0;
		};
/* End PBXSourcesBuildPhase section */

/* Begin PBXTargetDependency section */
		83D147612BC46EAA00E67CA6 /* PBXTargetDependency */ = {
			isa = PBXTargetDependency;
			target = 83D1474E2BC46EA700E67CA6 /* Todo List */;
			targetProxy = 83D147602BC46EAA00E67CA6 /* PBXContainerItemProxy */;
		};
		83D1476B2BC46EAA00E67CA6 /* PBXTargetDependency */ = {
			isa = PBXTargetDependency;
			target = 83D1474E2BC46EA700E67CA6 /* Todo List */;
			targetProxy = 83D1476A2BC46EAA00E67CA6 /* PBXContainerItemProxy */;
		};
/* End PBXTargetDependency section */

/* Begin XCBuildConfiguration section */
		83D147712BC46EAA00E67CA6 /* Debug */ = {
			isa = XCBuildConfiguration;
			buildSettings = {
				ALWAYS_SEARCH_USER_PATHS = NO;
				ASSETCATALOG_COMPILER_GENERATE_SWIFT_ASSET_SYMBOL_EXTENSIONS = YES;
				CLANG_ANALYZER_NONNULL = YES;
				CLANG_ANALYZER_NUMBER_OBJECT_CONVERSION = YES_AGGRESSIVE;
				CLANG_CXX_LANGUAGE_STANDARD = "gnu++20";
				CLANG_ENABLE_MODULES = YES;
				CLANG_ENABLE_OBJC_ARC = YES;
				CLANG_ENABLE_OBJC_WEAK = YES;
				CLANG_WARN_BLOCK_CAPTURE_AUTORELEASING = YES;
				CLANG_WARN_BOOL_CONVERSION = YES;
				CLANG_WARN_COMMA = YES;
				CLANG_WARN_CONSTANT_CONVERSION = YES;
				CLANG_WARN_DEPRECATED_OBJC_IMPLEMENTATIONS = YES;
				CLANG_WARN_DIRECT_OBJC_ISA_USAGE = YES_ERROR;
				CLANG_WARN_DOCUMENTATION_COMMENTS = YES;
				CLANG_WARN_EMPTY_BODY = YES;
				CLANG_WARN_ENUM_CONVERSION = YES;
				CLANG_WARN_INFINITE_RECURSION = YES;
				CLANG_WARN_INT_CONVERSION = YES;
				CLANG_WARN_NON_LITERAL_NULL_CONVERSION = YES;
				CLANG_WARN_OBJC_IMPLICIT_RETAIN_SELF = YES;
				CLANG_WARN_OBJC_LITERAL_CONVERSION = YES;
				CLANG_WARN_OBJC_ROOT_CLASS = YES_ERROR;
				CLANG_WARN_QUOTED_INCLUDE_IN_FRAMEWORK_HEADER = YES;
				CLANG_WARN_RANGE_LOOP_ANALYSIS = YES;
				CLANG_WARN_STRICT_PROTOTYPES = YES;
				CLANG_WARN_SUSPICIOUS_MOVE = YES;
				CLANG_WARN_UNGUARDED_AVAILABILITY = YES_AGGRESSIVE;
				CLANG_WARN_UNREACHABLE_CODE = YES;
				CLANG_WARN__DUPLICATE_METHOD_MATCH = YES;
				COPY_PHASE_STRIP = NO;
				DEBUG_INFORMATION_FORMAT = dwarf;
				ENABLE_STRICT_OBJC_MSGSEND = YES;
				ENABLE_TESTABILITY = YES;
				ENABLE_USER_SCRIPT_SANDBOXING = YES;
				GCC_C_LANGUAGE_STANDARD = gnu17;
				GCC_DYNAMIC_NO_PIC = NO;
				GCC_NO_COMMON_BLOCKS = YES;
				GCC_OPTIMIZATION_LEVEL = 0;
				GCC_PREPROCESSOR_DEFINITIONS = (
					"DEBUG=1",
					"$(inherited)",
				);
				GCC_WARN_64_TO_32_BIT_CONVERSION = YES;
				GCC_WARN_ABOUT_RETURN_TYPE = YES_ERROR;
				GCC_WARN_UNDECLARED_SELECTOR = YES;
				GCC_WARN_UNINITIALIZED_AUTOS = YES_AGGRESSIVE;
				GCC_WARN_UNUSED_FUNCTION = YES;
				GCC_WARN_UNUSED_VARIABLE = YES;
				IPHONEOS_DEPLOYMENT_TARGET = 17.4;
				LOCALIZATION_PREFERS_STRING_CATALOGS = YES;
				MTL_ENABLE_DEBUG_INFO = INCLUDE_SOURCE;
				MTL_FAST_MATH = YES;
				ONLY_ACTIVE_ARCH = YES;
				SDKROOT = iphoneos;
				SWIFT_ACTIVE_COMPILATION_CONDITIONS = "DEBUG $(inherited)";
				SWIFT_OPTIMIZATION_LEVEL = "-Onone";
			};
			name = Debug;
		};
		83D147722BC46EAA00E67CA6 /* Release */ = {
			isa = XCBuildConfiguration;
			buildSettings = {
				ALWAYS_SEARCH_USER_PATHS = NO;
				ASSETCATALOG_COMPILER_GENERATE_SWIFT_ASSET_SYMBOL_EXTENSIONS = YES;
				CLANG_ANALYZER_NONNULL = YES;
				CLANG_ANALYZER_NUMBER_OBJECT_CONVERSION = YES_AGGRESSIVE;
				CLANG_CXX_LANGUAGE_STANDARD = "gnu++20";
				CLANG_ENABLE_MODULES = YES;
				CLANG_ENABLE_OBJC_ARC = YES;
				CLANG_ENABLE_OBJC_WEAK = YES;
				CLANG_WARN_BLOCK_CAPTURE_AUTORELEASING = YES;
				CLANG_WARN_BOOL_CONVERSION = YES;
				CLANG_WARN_COMMA = YES;
				CLANG_WARN_CONSTANT_CONVERSION = YES;
				CLANG_WARN_DEPRECATED_OBJC_IMPLEMENTATIONS = YES;
				CLANG_WARN_DIRECT_OBJC_ISA_USAGE = YES_ERROR;
				CLANG_WARN_DOCUMENTATION_COMMENTS = YES;
				CLANG_WARN_EMPTY_BODY = YES;
				CLANG_WARN_ENUM_CONVERSION = YES;
				CLANG_WARN_INFINITE_RECURSION = YES;
				CLANG_WARN_INT_CONVERSION = YES;
				CLANG_WARN_NON_LITERAL_NULL_CONVERSION = YES;
				CLANG_WARN_OBJC_IMPLICIT_RETAIN_SELF = YES;
				CLANG_WARN_OBJC_LITERAL_CONVERSION = YES;
				CLANG_WARN_OBJC_ROOT_CLASS = YES_ERROR;
				CLANG_WARN_QUOTED_INCLUDE_IN_FRAMEWORK_HEADER = YES;
				CLANG_WARN_RANGE_LOOP_ANALYSIS = YES;
				CLANG_WARN_STRICT_PROTOTYPES = YES;
				CLANG_WARN_SUSPICIOUS_MOVE = YES;
				CLANG_WARN_UNGUARDED_AVAILABILITY = YES_AGGRESSIVE;
				CLANG_WARN_UNREACHABLE_CODE = YES;
				CLANG_WARN__DUPLICATE_METHOD_MATCH = YES;
				COPY_PHASE_STRIP = NO;
				DEBUG_INFORMATION_FORMAT = "dwarf-with-dsym";
				ENABLE_NS_ASSERTIONS = NO;
				ENABLE_STRICT_OBJC_MSGSEND = YES;
				ENABLE_USER_SCRIPT_SANDBOXING = YES;
				GCC_C_LANGUAGE_STANDARD = gnu17;
				GCC_NO_COMMON_BLOCKS = YES;
				GCC_WARN_64_TO_32_BIT_CONVERSION = YES;
				GCC_WARN_ABOUT_RETURN_TYPE = YES_ERROR;
				GCC_WARN_UNDECLARED_SELECTOR = YES;
				GCC_WARN_UNINITIALIZED_AUTOS = YES_AGGRESSIVE;
				GCC_WARN_UNUSED_FUNCTION = YES;
				GCC_WARN_UNUSED_VARIABLE = YES;
				IPHONEOS_DEPLOYMENT_TARGET = 17.4;
				LOCALIZATION_PREFERS_STRING_CATALOGS = YES;
				MTL_ENABLE_DEBUG_INFO = NO;
				MTL_FAST_MATH = YES;
				SDKROOT = iphoneos;
				SWIFT_COMPILATION_MODE = wholemodule;
				VALIDATE_PRODUCT = YES;
			};
			name = Release;
		};
		83D147742BC46EAA00E67CA6 /* Debug */ = {
			isa = XCBuildConfiguration;
			buildSettings = {
				ASSETCATALOG_COMPILER_APPICON_NAME = AppIcon;
				ASSETCATALOG_COMPILER_GLOBAL_ACCENT_COLOR_NAME = AccentColor;
				CODE_SIGN_STYLE = Automatic;
				CURRENT_PROJECT_VERSION = 1;
				DEVELOPMENT_ASSET_PATHS = "\"Todo List/Preview Content\"";
				DEVELOPMENT_TEAM = 9H7DRZY698;
				ENABLE_PREVIEWS = YES;
				GENERATE_INFOPLIST_FILE = YES;
				INFOPLIST_KEY_UIApplicationSceneManifest_Generation = YES;
				INFOPLIST_KEY_UIApplicationSupportsIndirectInputEvents = YES;
				INFOPLIST_KEY_UILaunchScreen_Generation = YES;
				INFOPLIST_KEY_UISupportedInterfaceOrientations_iPad = "UIInterfaceOrientationPortrait UIInterfaceOrientationPortraitUpsideDown UIInterfaceOrientationLandscapeLeft UIInterfaceOrientationLandscapeRight";
				INFOPLIST_KEY_UISupportedInterfaceOrientations_iPhone = "UIInterfaceOrientationPortrait UIInterfaceOrientationLandscapeLeft UIInterfaceOrientationLandscapeRight";
				LD_RUNPATH_SEARCH_PATHS = (
					"$(inherited)",
					"@executable_path/Frameworks",
				);
				MARKETING_VERSION = 1.0;
				PRODUCT_BUNDLE_IDENTIFIER = "ca.dliu.Todo-List";
				PRODUCT_NAME = "$(TARGET_NAME)";
				SWIFT_EMIT_LOC_STRINGS = YES;
				SWIFT_VERSION = 5.0;
				TARGETED_DEVICE_FAMILY = "1,2";
			};
			name = Debug;
		};
		83D147752BC46EAA00E67CA6 /* Release */ = {
			isa = XCBuildConfiguration;
			buildSettings = {
				ASSETCATALOG_COMPILER_APPICON_NAME = AppIcon;
				ASSETCATALOG_COMPILER_GLOBAL_ACCENT_COLOR_NAME = AccentColor;
				CODE_SIGN_STYLE = Automatic;
				CURRENT_PROJECT_VERSION = 1;
				DEVELOPMENT_ASSET_PATHS = "\"Todo List/Preview Content\"";
				DEVELOPMENT_TEAM = 9H7DRZY698;
				ENABLE_PREVIEWS = YES;
				GENERATE_INFOPLIST_FILE = YES;
				INFOPLIST_KEY_UIApplicationSceneManifest_Generation = YES;
				INFOPLIST_KEY_UIApplicationSupportsIndirectInputEvents = YES;
				INFOPLIST_KEY_UILaunchScreen_Generation = YES;
				INFOPLIST_KEY_UISupportedInterfaceOrientations_iPad = "UIInterfaceOrientationPortrait UIInterfaceOrientationPortraitUpsideDown UIInterfaceOrientationLandscapeLeft UIInterfaceOrientationLandscapeRight";
				INFOPLIST_KEY_UISupportedInterfaceOrientations_iPhone = "UIInterfaceOrientationPortrait UIInterfaceOrientationLandscapeLeft UIInterfaceOrientationLandscapeRight";
				LD_RUNPATH_SEARCH_PATHS = (
					"$(inherited)",
					"@executable_path/Frameworks",
				);
				MARKETING_VERSION = 1.0;
				PRODUCT_BUNDLE_IDENTIFIER = "ca.dliu.Todo-List";
				PRODUCT_NAME = "$(TARGET_NAME)";
				SWIFT_EMIT_LOC_STRINGS = YES;
				SWIFT_VERSION = 5.0;
				TARGETED_DEVICE_FAMILY = "1,2";
			};
			name = Release;
		};
		83D147772BC46EAA00E67CA6 /* Debug */ = {
			isa = XCBuildConfiguration;
			buildSettings = {
				ALWAYS_EMBED_SWIFT_STANDARD_LIBRARIES = YES;
				BUNDLE_LOADER = "$(TEST_HOST)";
				CODE_SIGN_STYLE = Automatic;
				CURRENT_PROJECT_VERSION = 1;
				DEVELOPMENT_TEAM = 9H7DRZY698;
				GENERATE_INFOPLIST_FILE = YES;
				IPHONEOS_DEPLOYMENT_TARGET = 17.4;
				MARKETING_VERSION = 1.0;
				PRODUCT_BUNDLE_IDENTIFIER = "ca.dliu.Todo-ListTests";
				PRODUCT_NAME = "$(TARGET_NAME)";
				SWIFT_EMIT_LOC_STRINGS = NO;
				SWIFT_VERSION = 5.0;
				TARGETED_DEVICE_FAMILY = "1,2";
				TEST_HOST = "$(BUILT_PRODUCTS_DIR)/Todo List.app/$(BUNDLE_EXECUTABLE_FOLDER_PATH)/Todo List";
			};
			name = Debug;
		};
		83D147782BC46EAA00E67CA6 /* Release */ = {
			isa = XCBuildConfiguration;
			buildSettings = {
				ALWAYS_EMBED_SWIFT_STANDARD_LIBRARIES = YES;
				BUNDLE_LOADER = "$(TEST_HOST)";
				CODE_SIGN_STYLE = Automatic;
				CURRENT_PROJECT_VERSION = 1;
				DEVELOPMENT_TEAM = 9H7DRZY698;
				GENERATE_INFOPLIST_FILE = YES;
				IPHONEOS_DEPLOYMENT_TARGET = 17.4;
				MARKETING_VERSION = 1.0;
				PRODUCT_BUNDLE_IDENTIFIER = "ca.dliu.Todo-ListTests";
				PRODUCT_NAME = "$(TARGET_NAME)";
				SWIFT_EMIT_LOC_STRINGS = NO;
				SWIFT_VERSION = 5.0;
				TARGETED_DEVICE_FAMILY = "1,2";
				TEST_HOST = "$(BUILT_PRODUCTS_DIR)/Todo List.app/$(BUNDLE_EXECUTABLE_FOLDER_PATH)/Todo List";
			};
			name = Release;
		};
		83D1477A2BC46EAA00E67CA6 /* Debug */ = {
			isa = XCBuildConfiguration;
			buildSettings = {
				ALWAYS_EMBED_SWIFT_STANDARD_LIBRARIES = YES;
				CODE_SIGN_STYLE = Automatic;
				CURRENT_PROJECT_VERSION = 1;
				DEVELOPMENT_TEAM = 9H7DRZY698;
				GENERATE_INFOPLIST_FILE = YES;
				MARKETING_VERSION = 1.0;
				PRODUCT_BUNDLE_IDENTIFIER = "ca.dliu.Todo-ListUITests";
				PRODUCT_NAME = "$(TARGET_NAME)";
				SWIFT_EMIT_LOC_STRINGS = NO;
				SWIFT_VERSION = 5.0;
				TARGETED_DEVICE_FAMILY = "1,2";
				TEST_TARGET_NAME = "Todo List";
			};
			name = Debug;
		};
		83D1477B2BC46EAA00E67CA6 /* Release */ = {
			isa = XCBuildConfiguration;
			buildSettings = {
				ALWAYS_EMBED_SWIFT_STANDARD_LIBRARIES = YES;
				CODE_SIGN_STYLE = Automatic;
				CURRENT_PROJECT_VERSION = 1;
				DEVELOPMENT_TEAM = 9H7DRZY698;
				GENERATE_INFOPLIST_FILE = YES;
				MARKETING_VERSION = 1.0;
				PRODUCT_BUNDLE_IDENTIFIER = "ca.dliu.Todo-ListUITests";
				PRODUCT_NAME = "$(TARGET_NAME)";
				SWIFT_EMIT_LOC_STRINGS = NO;
				SWIFT_VERSION = 5.0;
				TARGETED_DEVICE_FAMILY = "1,2";
				TEST_TARGET_NAME = "Todo List";
			};
			name = Release;
		};
/* End XCBuildConfiguration section */

/* Begin XCConfigurationList section */
		83D1474A2BC46EA700E67CA6 /* Build configuration list for PBXProject "Todo List" */ = {
			isa = XCConfigurationList;
			buildConfigurations = (
				83D147712BC46EAA00E67CA6 /* Debug */,
				83D147722BC46EAA00E67CA6 /* Release */,
			);
			defaultConfigurationIsVisible = 0;
			defaultConfigurationName = Release;
		};
		83D147732BC46EAA00E67CA6 /* Build configuration list for PBXNativeTarget "Todo List" */ = {
			isa = XCConfigurationList;
			buildConfigurations = (
				83D147742BC46EAA00E67CA6 /* Debug */,
				83D147752BC46EAA00E67CA6 /* Release */,
			);
			defaultConfigurationIsVisible = 0;
			defaultConfigurationName = Release;
		};
		83D147762BC46EAA00E67CA6 /* Build configuration list for PBXNativeTarget "Todo ListTests" */ = {
			isa = XCConfigurationList;
			buildConfigurations = (
				83D147772BC46EAA00E67CA6 /* Debug */,
				83D147782BC46EAA00E67CA6 /* Release */,
			);
			defaultConfigurationIsVisible = 0;
			defaultConfigurationName = Release;
		};
		83D147792BC46EAA00E67CA6 /* Build configuration list for PBXNativeTarget "Todo ListUITests" */ = {
			isa = XCConfigurationList;
			buildConfigurations = (
				83D1477A2BC46EAA00E67CA6 /* Debug */,
				83D1477B2BC46EAA00E67CA6 /* Release */,
			);
			defaultConfigurationIsVisible = 0;
			defaultConfigurationName = Release;
		};
/* End XCConfigurationList section */
	};
	rootObject = 83D147472BC46EA700E67CA6 /* Project object */;
}
